
Microsoft Visual Studio Solution File, Format Version 12.00
# Visual Studio Version 16
VisualStudioVersion = 16.0.31729.503
MinimumVisualStudioVersion = 10.0.40219.1
Project("{FAE04EC0-301F-11D3-BF4B-00C04F79EFBC}") = "Quanlybantrasua", "Quanlybantrasua\Quanlybantrasua.csproj", "{1526D081-4A3D-4058-AFC1-6A92858FDE1D}"
EndProject
Global
	GlobalSection(SolutionConfigurationPlatforms) = preSolution
		Debug|Any CPU = Debug|Any CPU
		Release|Any CPU = Release|Any CPU
	EndGlobalSection
	GlobalSection(ProjectConfigurationPlatforms) = postSolution
		{1526D081-4A3D-4058-AFC1-6A92858FDE1D}.Debug|Any CPU.ActiveCfg = Debug|Any CPU
		{1526D081-4A3D-4058-AFC1-6A92858FDE1D}.Debug|Any CPU.Build.0 = Debug|Any CPU
		{1526D081-4A3D-4058-AFC1-6A92858FDE1D}.Release|Any CPU.ActiveCfg = Release|Any CPU
		{1526D081-4A3D-4058-AFC1-6A92858FDE1D}.Release|Any CPU.Build.0 = Release|Any CPU
	EndGlobalSection
	GlobalSection(SolutionProperties) = preSolution
		HideSolutionNode = FALSE
	EndGlobalSection
	GlobalSection(ExtensibilityGlobals) = postSolution
		SolutionGuid = {FC5F9163-522B-435B-98CC-E3E90FAFFF1B}
	EndGlobalSection
EndGlobal
